
Microsoft Visual Studio Solution File, Format Version 12.00
# Visual Studio Version 17
VisualStudioVersion = 17.10.34916.146
MinimumVisualStudioVersion = 10.0.40219.1
Project("{2150E333-8FDC-42A3-9474-1A3956D46DE8}") = "Services", "Services", "{C5F3F255-8B3D-48EC-815C-335BA90478CC}"
EndProject
Project("{2150E333-8FDC-42A3-9474-1A3956D46DE8}") = "Catalog", "Catalog", "{7E3C24DB-0248-458D-8ADE-1E07C9523DFE}"
EndProject
Project("{9A19103F-16F7-4668-BE54-9A1E7A4F7556}") = "Catalog.Api", "Services\Catalog\Catalog.Api\Catalog.Api.csproj", "{43A33B41-47C1-4C95-B55F-B2BC7095BC21}"
EndProject
Project("{E53339B2-1760-4266-BCC7-CA923CBCF16C}") = "docker-compose", "docker-compose.dcproj", "{09506187-5B7D-41DB-A918-3A674FC99F83}"
EndProject
Project("{2150E333-8FDC-42A3-9474-1A3956D46DE8}") = "Basket", "Basket", "{00AE266A-23AD-48DD-95BF-B2E64D38E953}"
EndProject
Project("{9A19103F-16F7-4668-BE54-9A1E7A4F7556}") = "Basket.Api", "Services\Basket\Basket.Api\Basket.Api.csproj", "{E75A488A-8526-4115-ADD5-74ECC66690F5}"
EndProject
Project("{2150E333-8FDC-42A3-9474-1A3956D46DE8}") = "Discount", "Discount", "{2F8790B2-A45D-4819-B5F0-B0E5B778C341}"
EndProject
Project("{9A19103F-16F7-4668-BE54-9A1E7A4F7556}") = "Discount.Api", "Services\Discount\Discount.Api\Discount.Api.csproj", "{51B3D5F9-0E3B-4405-AEAA-507565578CB0}"
EndProject
Project("{9A19103F-16F7-4668-BE54-9A1E7A4F7556}") = "Discount.Grpc", "Services\Discount\Discount.Grpc\Discount.Grpc.csproj", "{9EEB9A1C-480B-4925-B543-297D902BDACF}"
EndProject
Project("{2150E333-8FDC-42A3-9474-1A3956D46DE8}") = "Ordering", "Ordering", "{34873E3E-43A2-417C-A5C0-D9A966DFD323}"
EndProject
Project("{FAE04EC0-301F-11D3-BF4B-00C04F79EFBC}") = "Order.Api", "Services\Ordering\Order.Api\Order.Api.csproj", "{BC396C17-E832-4BF2-A31C-CEEED3C684DA}"
EndProject
Project("{FAE04EC0-301F-11D3-BF4B-00C04F79EFBC}") = "Ordering.Domain", "Services\Ordering\Ordering.Domain\Ordering.Domain.csproj", "{D65150B1-0DFC-4359-9E76-0DD599AA2F74}"
EndProject
Project("{FAE04EC0-301F-11D3-BF4B-00C04F79EFBC}") = "Ordering.Application", "Services\Ordering\Ordering.Application\Ordering.Application.csproj", "{6B8102D0-6669-456A-9AA9-D1A8813B310C}"
EndProject
Project("{FAE04EC0-301F-11D3-BF4B-00C04F79EFBC}") = "Ordering.Infrastructure", "Services\Ordering\Ordering.Infrastructure\Ordering.Infrastructure.csproj", "{97651BD1-E739-49FE-A16C-3865C06B3A19}"
EndProject
Global
	GlobalSection(SolutionConfigurationPlatforms) = preSolution
		Debug|Any CPU = Debug|Any CPU
		Release|Any CPU = Release|Any CPU
	EndGlobalSection
	GlobalSection(ProjectConfigurationPlatforms) = postSolution
		{43A33B41-47C1-4C95-B55F-B2BC7095BC21}.Debug|Any CPU.ActiveCfg = Debug|Any CPU
		{43A33B41-47C1-4C95-B55F-B2BC7095BC21}.Debug|Any CPU.Build.0 = Debug|Any CPU
		{43A33B41-47C1-4C95-B55F-B2BC7095BC21}.Release|Any CPU.ActiveCfg = Release|Any CPU
		{43A33B41-47C1-4C95-B55F-B2BC7095BC21}.Release|Any CPU.Build.0 = Release|Any CPU
		{09506187-5B7D-41DB-A918-3A674FC99F83}.Debug|Any CPU.ActiveCfg = Debug|Any CPU
		{09506187-5B7D-41DB-A918-3A674FC99F83}.Debug|Any CPU.Build.0 = Debug|Any CPU
		{09506187-5B7D-41DB-A918-3A674FC99F83}.Release|Any CPU.ActiveCfg = Release|Any CPU
		{09506187-5B7D-41DB-A918-3A674FC99F83}.Release|Any CPU.Build.0 = Release|Any CPU
		{E75A488A-8526-4115-ADD5-74ECC66690F5}.Debug|Any CPU.ActiveCfg = Debug|Any CPU
		{E75A488A-8526-4115-ADD5-74ECC66690F5}.Debug|Any CPU.Build.0 = Debug|Any CPU
		{E75A488A-8526-4115-ADD5-74ECC66690F5}.Release|Any CPU.ActiveCfg = Release|Any CPU
		{E75A488A-8526-4115-ADD5-74ECC66690F5}.Release|Any CPU.Build.0 = Release|Any CPU
		{51B3D5F9-0E3B-4405-AEAA-507565578CB0}.Debug|Any CPU.ActiveCfg = Debug|Any CPU
		{51B3D5F9-0E3B-4405-AEAA-507565578CB0}.Debug|Any CPU.Build.0 = Debug|Any CPU
		{51B3D5F9-0E3B-4405-AEAA-507565578CB0}.Release|Any CPU.ActiveCfg = Release|Any CPU
		{51B3D5F9-0E3B-4405-AEAA-507565578CB0}.Release|Any CPU.Build.0 = Release|Any CPU
		{9EEB9A1C-480B-4925-B543-297D902BDACF}.Debug|Any CPU.ActiveCfg = Debug|Any CPU
		{9EEB9A1C-480B-4925-B543-297D902BDACF}.Debug|Any CPU.Build.0 = Debug|Any CPU
		{9EEB9A1C-480B-4925-B543-297D902BDACF}.Release|Any CPU.ActiveCfg = Release|Any CPU
		{9EEB9A1C-480B-4925-B543-297D902BDACF}.Release|Any CPU.Build.0 = Release|Any CPU
		{BC396C17-E832-4BF2-A31C-CEEED3C684DA}.Debug|Any CPU.ActiveCfg = Debug|Any CPU
		{BC396C17-E832-4BF2-A31C-CEEED3C684DA}.Debug|Any CPU.Build.0 = Debug|Any CPU
		{BC396C17-E832-4BF2-A31C-CEEED3C684DA}.Release|Any CPU.ActiveCfg = Release|Any CPU
		{BC396C17-E832-4BF2-A31C-CEEED3C684DA}.Release|Any CPU.Build.0 = Release|Any CPU
		{D65150B1-0DFC-4359-9E76-0DD599AA2F74}.Debug|Any CPU.ActiveCfg = Debug|Any CPU
		{D65150B1-0DFC-4359-9E76-0DD599AA2F74}.Debug|Any CPU.Build.0 = Debug|Any CPU
		{D65150B1-0DFC-4359-9E76-0DD599AA2F74}.Release|Any CPU.ActiveCfg = Release|Any CPU
		{D65150B1-0DFC-4359-9E76-0DD599AA2F74}.Release|Any CPU.Build.0 = Release|Any CPU
		{6B8102D0-6669-456A-9AA9-D1A8813B310C}.Debug|Any CPU.ActiveCfg = Debug|Any CPU
		{6B8102D0-6669-456A-9AA9-D1A8813B310C}.Debug|Any CPU.Build.0 = Debug|Any CPU
		{6B8102D0-6669-456A-9AA9-D1A8813B310C}.Release|Any CPU.ActiveCfg = Release|Any CPU
		{6B8102D0-6669-456A-9AA9-D1A8813B310C}.Release|Any CPU.Build.0 = Release|Any CPU
		{97651BD1-E739-49FE-A16C-3865C06B3A19}.Debug|Any CPU.ActiveCfg = Debug|Any CPU
		{97651BD1-E739-49FE-A16C-3865C06B3A19}.Debug|Any CPU.Build.0 = Debug|Any CPU
		{97651BD1-E739-49FE-A16C-3865C06B3A19}.Release|Any CPU.ActiveCfg = Release|Any CPU
		{97651BD1-E739-49FE-A16C-3865C06B3A19}.Release|Any CPU.Build.0 = Release|Any CPU
	EndGlobalSection
	GlobalSection(SolutionProperties) = preSolution
		HideSolutionNode = FALSE
	EndGlobalSection
	GlobalSection(NestedProjects) = preSolution
		{7E3C24DB-0248-458D-8ADE-1E07C9523DFE} = {C5F3F255-8B3D-48EC-815C-335BA90478CC}
		{43A33B41-47C1-4C95-B55F-B2BC7095BC21} = {7E3C24DB-0248-458D-8ADE-1E07C9523DFE}
		{00AE266A-23AD-48DD-95BF-B2E64D38E953} = {C5F3F255-8B3D-48EC-815C-335BA90478CC}
		{E75A488A-8526-4115-ADD5-74ECC66690F5} = {00AE266A-23AD-48DD-95BF-B2E64D38E953}
		{2F8790B2-A45D-4819-B5F0-B0E5B778C341} = {C5F3F255-8B3D-48EC-815C-335BA90478CC}
		{51B3D5F9-0E3B-4405-AEAA-507565578CB0} = {2F8790B2-A45D-4819-B5F0-B0E5B778C341}
		{9EEB9A1C-480B-4925-B543-297D902BDACF} = {2F8790B2-A45D-4819-B5F0-B0E5B778C341}
		{34873E3E-43A2-417C-A5C0-D9A966DFD323} = {C5F3F255-8B3D-48EC-815C-335BA90478CC}
		{BC396C17-E832-4BF2-A31C-CEEED3C684DA} = {34873E3E-43A2-417C-A5C0-D9A966DFD323}
		{D65150B1-0DFC-4359-9E76-0DD599AA2F74} = {34873E3E-43A2-417C-A5C0-D9A966DFD323}
		{6B8102D0-6669-456A-9AA9-D1A8813B310C} = {34873E3E-43A2-417C-A5C0-D9A966DFD323}
		{97651BD1-E739-49FE-A16C-3865C06B3A19} = {34873E3E-43A2-417C-A5C0-D9A966DFD323}
	EndGlobalSection
	GlobalSection(ExtensibilityGlobals) = postSolution
		SolutionGuid = {42F83C45-81A3-45B6-A97F-512F0128FE47}
	EndGlobalSection
EndGlobal
